
Microsoft Visual Studio Solution File, Format Version 12.00
# Visual Studio Version 16
VisualStudioVersion = 16.0.30413.136
MinimumVisualStudioVersion = 10.0.40219.1
Project("{2150E333-8FDC-42A3-9474-1A3956D46DE8}") = "Testing", "Testing", "{8AE2F29C-3F63-4C41-884A-34758704A00D}"
EndProject
Project("{9A19103F-16F7-4668-BE54-9A1E7A4F7556}") = "VHacksWebstore.Testing.Unit", "VHacksWebstore.Testing.Unit\VHacksWebstore.Testing.Unit.csproj", "{6427FE35-9868-4B25-B037-2EEE1F47D3D4}"
EndProject
Project("{2150E333-8FDC-42A3-9474-1A3956D46DE8}") = "Core", "Core", "{54F679BC-7C2F-4372-BF51-C5F94074A80F}"
EndProject
Project("{2150E333-8FDC-42A3-9474-1A3956D46DE8}") = "Data", "Data", "{13F86A7B-028A-4DF4-9AF9-4C874511023A}"
EndProject
Project("{9A19103F-16F7-4668-BE54-9A1E7A4F7556}") = "VHacksWebstore.Data", "VHacksWebstore.Data\VHacksWebstore.Data.csproj", "{6CDD6646-933B-4CF9-930D-7F16BECB30A2}"
EndProject
Project("{9A19103F-16F7-4668-BE54-9A1E7A4F7556}") = "VHacksWebstore.Core.App", "VHacksWebstore.Core.App\VHacksWebstore.Core.App.csproj", "{7C8B03F7-994A-485E-862C-B9871B160517}"
EndProject
Project("{9A19103F-16F7-4668-BE54-9A1E7A4F7556}") = "VHacksWebstore.Core.Domain", "VHacksWebstore.Core.Domain\VHacksWebstore.Core.Domain.csproj", "{15C59B99-C1AE-4E3A-B949-DB425D56B155}"
EndProject
Project("{9A19103F-16F7-4668-BE54-9A1E7A4F7556}") = "VHacksWebstore.Testing.Integration", "VHacksWebstore.Testing.Integration\VHacksWebstore.Testing.Integration.csproj", "{7FFCA174-6311-431D-AE4D-5449846B5AEF}"
EndProject
Project("{9A19103F-16F7-4668-BE54-9A1E7A4F7556}") = "App.Components", "App.Components\App.Components.csproj", "{2CA3BA2D-0395-40AE-BDA4-7120BD62B646}"
EndProject
Global
	GlobalSection(SolutionConfigurationPlatforms) = preSolution
		Debug|Any CPU = Debug|Any CPU
		Release|Any CPU = Release|Any CPU
	EndGlobalSection
	GlobalSection(ProjectConfigurationPlatforms) = postSolution
		{6427FE35-9868-4B25-B037-2EEE1F47D3D4}.Debug|Any CPU.ActiveCfg = Debug|Any CPU
		{6427FE35-9868-4B25-B037-2EEE1F47D3D4}.Debug|Any CPU.Build.0 = Debug|Any CPU
		{6427FE35-9868-4B25-B037-2EEE1F47D3D4}.Release|Any CPU.ActiveCfg = Release|Any CPU
		{6427FE35-9868-4B25-B037-2EEE1F47D3D4}.Release|Any CPU.Build.0 = Release|Any CPU
		{6CDD6646-933B-4CF9-930D-7F16BECB30A2}.Debug|Any CPU.ActiveCfg = Debug|Any CPU
		{6CDD6646-933B-4CF9-930D-7F16BECB30A2}.Debug|Any CPU.Build.0 = Debug|Any CPU
		{6CDD6646-933B-4CF9-930D-7F16BECB30A2}.Release|Any CPU.ActiveCfg = Release|Any CPU
		{6CDD6646-933B-4CF9-930D-7F16BECB30A2}.Release|Any CPU.Build.0 = Release|Any CPU
		{7C8B03F7-994A-485E-862C-B9871B160517}.Debug|Any CPU.ActiveCfg = Debug|Any CPU
		{7C8B03F7-994A-485E-862C-B9871B160517}.Debug|Any CPU.Build.0 = Debug|Any CPU
		{7C8B03F7-994A-485E-862C-B9871B160517}.Release|Any CPU.ActiveCfg = Release|Any CPU
		{7C8B03F7-994A-485E-862C-B9871B160517}.Release|Any CPU.Build.0 = Release|Any CPU
		{15C59B99-C1AE-4E3A-B949-DB425D56B155}.Debug|Any CPU.ActiveCfg = Debug|Any CPU
		{15C59B99-C1AE-4E3A-B949-DB425D56B155}.Debug|Any CPU.Build.0 = Debug|Any CPU
		{15C59B99-C1AE-4E3A-B949-DB425D56B155}.Release|Any CPU.ActiveCfg = Release|Any CPU
		{15C59B99-C1AE-4E3A-B949-DB425D56B155}.Release|Any CPU.Build.0 = Release|Any CPU
		{7FFCA174-6311-431D-AE4D-5449846B5AEF}.Debug|Any CPU.ActiveCfg = Debug|Any CPU
		{7FFCA174-6311-431D-AE4D-5449846B5AEF}.Debug|Any CPU.Build.0 = Debug|Any CPU
		{7FFCA174-6311-431D-AE4D-5449846B5AEF}.Release|Any CPU.ActiveCfg = Release|Any CPU
		{7FFCA174-6311-431D-AE4D-5449846B5AEF}.Release|Any CPU.Build.0 = Release|Any CPU
		{2CA3BA2D-0395-40AE-BDA4-7120BD62B646}.Debug|Any CPU.ActiveCfg = Debug|Any CPU
		{2CA3BA2D-0395-40AE-BDA4-7120BD62B646}.Debug|Any CPU.Build.0 = Debug|Any CPU
		{2CA3BA2D-0395-40AE-BDA4-7120BD62B646}.Release|Any CPU.ActiveCfg = Release|Any CPU
		{2CA3BA2D-0395-40AE-BDA4-7120BD62B646}.Release|Any CPU.Build.0 = Release|Any CPU
	EndGlobalSection
	GlobalSection(SolutionProperties) = preSolution
		HideSolutionNode = FALSE
	EndGlobalSection
	GlobalSection(NestedProjects) = preSolution
		{6427FE35-9868-4B25-B037-2EEE1F47D3D4} = {8AE2F29C-3F63-4C41-884A-34758704A00D}
		{6CDD6646-933B-4CF9-930D-7F16BECB30A2} = {13F86A7B-028A-4DF4-9AF9-4C874511023A}
		{7C8B03F7-994A-485E-862C-B9871B160517} = {54F679BC-7C2F-4372-BF51-C5F94074A80F}
		{15C59B99-C1AE-4E3A-B949-DB425D56B155} = {54F679BC-7C2F-4372-BF51-C5F94074A80F}
		{7FFCA174-6311-431D-AE4D-5449846B5AEF} = {8AE2F29C-3F63-4C41-884A-34758704A00D}
		{2CA3BA2D-0395-40AE-BDA4-7120BD62B646} = {54F679BC-7C2F-4372-BF51-C5F94074A80F}
	EndGlobalSection
	GlobalSection(ExtensibilityGlobals) = postSolution
		SolutionGuid = {737C1F49-7FDE-4D87-8836-9676C0FC71E6}
	EndGlobalSection
EndGlobal
